
Microsoft Visual Studio Solution File, Format Version 12.00
# Visual Studio Version 16
VisualStudioVersion = 16.0.30002.166
MinimumVisualStudioVersion = 10.0.40219.1
Project("{8BC9CEB8-8B4A-11D0-8D11-00A0C91BC942}") = "guiConstructor", "guiConstructor.vcxproj", "{54F4B95A-E26E-4DC1-B2A2-E4CCF565FE8D}"
EndProject
Global
	GlobalSection(SolutionConfigurationPlatforms) = preSolution
		Debug|x64 = Debug|x64
		Debug|x86 = Debug|x86
		Release|x64 = Release|x64
		Release|x86 = Release|x86
	EndGlobalSection
	GlobalSection(ProjectConfigurationPlatforms) = postSolution
		{54F4B95A-E26E-4DC1-B2A2-E4CCF565FE8D}.Debug|x64.ActiveCfg = Debug|x64
		{54F4B95A-E26E-4DC1-B2A2-E4CCF565FE8D}.Debug|x64.Build.0 = Debug|x64
		{54F4B95A-E26E-4DC1-B2A2-E4CCF565FE8D}.Debug|x86.ActiveCfg = Debug|Win32
		{54F4B95A-E26E-4DC1-B2A2-E4CCF565FE8D}.Debug|x86.Build.0 = Debug|Win32
		{54F4B95A-E26E-4DC1-B2A2-E4CCF565FE8D}.Release|x64.ActiveCfg = Release|x64
		{54F4B95A-E26E-4DC1-B2A2-E4CCF565FE8D}.Release|x64.Build.0 = Release|x64
		{54F4B95A-E26E-4DC1-B2A2-E4CCF565FE8D}.Release|x86.ActiveCfg = Release|Win32
		{54F4B95A-E26E-4DC1-B2A2-E4CCF565FE8D}.Release|x86.Build.0 = Release|Win32
	EndGlobalSection
	GlobalSection(SolutionProperties) = preSolution
		HideSolutionNode = FALSE
	EndGlobalSection
	GlobalSection(ExtensibilityGlobals) = postSolution
		SolutionGuid = {0D418C87-F5AC-4480-AC8C-4AD3D797813A}
	EndGlobalSection
EndGlobal
